
Microsoft Visual Studio Solution File, Format Version 12.00
# Visual Studio Express 2012 for Windows Desktop
Project("{FAE04EC0-301F-11D3-BF4B-00C04F79EFBC}") = "Project1_Pomodoro", "Project1_Pomodoro\Project1_Pomodoro.csproj", "{2EA65CAA-92C0-4438-ABD3-BBDD1E0EBD58}"
EndProject
Global
	GlobalSection(SolutionConfigurationPlatforms) = preSolution
		Debug|Any CPU = Debug|Any CPU
		Release|Any CPU = Release|Any CPU
	EndGlobalSection
	GlobalSection(ProjectConfigurationPlatforms) = postSolution
		{2EA65CAA-92C0-4438-ABD3-BBDD1E0EBD58}.Debug|Any CPU.ActiveCfg = Debug|Any CPU
		{2EA65CAA-92C0-4438-ABD3-BBDD1E0EBD58}.Debug|Any CPU.Build.0 = Debug|Any CPU
		{2EA65CAA-92C0-4438-ABD3-BBDD1E0EBD58}.Release|Any CPU.ActiveCfg = Release|Any CPU
		{2EA65CAA-92C0-4438-ABD3-BBDD1E0EBD58}.Release|Any CPU.Build.0 = Release|Any CPU
	EndGlobalSection
	GlobalSection(SolutionProperties) = preSolution
		HideSolutionNode = FALSE
	EndGlobalSection
EndGlobal
